{"version":4,"terraform_version":"1.10.6","serial":42,"lineage":"3fba6a84-51bc-dccd-6b44-ae22d099dab6","outputs":{},"resources":[{"mode":"managed","type":"aws_s3_bucket","name":"website","provider":"provider[\"registry.opentofu.org/hashicorp/aws\"]","instances":[{"schema_version":0,"attributes":{"acceleration_status":"","acl":null,"arn":"arn:aws:s3:::propostas-missao.com.br","bucket":"propostas-missao.com.br","bucket_domain_name":"propostas-missao.com.br.s3.amazonaws.com","bucket_prefix":"","bucket_regional_domain_name":"propostas-missao.com.br.s3.us-east-1.amazonaws.com","cors_rule":[],"force_destroy":false,"grant":[{"id":"5b439f169389dfa36f5815ba1ca74d12dc41fc4605da28f24aa7092aa14c53b2","permissions":["FULL_CONTROL"],"type":"CanonicalUser","uri":""}],"hosted_zone_id":"Z3AQBSTGFYJSTF","id":"propostas-missao.com.br","lifecycle_rule":[],"logging":[],"object_lock_configuration":[],"object_lock_enabled":false,"policy":"","region":"us-east-1","replication_configuration":[],"request_payer":"BucketOwner","server_side_encryption_configuration":[{"rule":[{"apply_server_side_encryption_by_default":[{"kms_master_key_id":"","sse_algorithm":"AES256"}],"bucket_key_enabled":false}]}],"tags":{},"tags_all":{},"timeouts":null,"versioning":[{"enabled":false,"mfa_delete":false}],"website":[],"website_domain":null,"website_endpoint":null},"sensitive_attributes":[],"private":"eyJlMmJmYjczMC1lY2FhLTExZTYtOGY4OC0zNDM2M2JjN2M0YzAiOnsiY3JlYXRlIjoxMjAwMDAwMDAwMDAwLCJkZWxldGUiOjM2MDAwMDAwMDAwMDAsInJlYWQiOjEyMDAwMDAwMDAwMDAsInVwZGF0ZSI6MTIwMDAwMDAwMDAwMH19"}]}],"check_results":null}
