{"version":4,"terraform_version":"1.10.6","serial":64,"lineage":"3fba6a84-51bc-dccd-6b44-ae22d099dab6","outputs":{"cloudfront_domain_name":{"value":"propostas-missao.com.br","type":"string"}},"resources":[{"mode":"data","type":"aws_acm_certificate","name":"cert","provider":"provider[\"registry.opentofu.org/hashicorp/aws\"]","instances":[{"schema_version":0,"attributes":{"arn":"arn:aws:acm:us-east-1:348079769568:certificate/0162c6c8-c91f-4a95-9db3-6ff84fdb4307","certificate":"-----BEGIN CERTIFICATE-----\nMIIF0jCCBLqgAwIBAgIQBNfbE8tdfoed7EaMgyWVYTANBgkqhkiG9w0BAQsFADA8\nMQswCQYDVQQGEwJVUzEPMA0GA1UEChMGQW1hem9uMRwwGgYDVQQDExNBbWF6b24g\nUlNBIDIwNDggTTAxMB4XDTI2MDIyMjAwMDAwMFoXDTI2MDkwNzIzNTk1OVowIjEg\nMB4GA1UEAxMXcHJvcG9zdGFzLW1pc3Nhby5jb20uYnIwggEiMA0GCSqGSIb3DQEB\nAQUAA4IBDwAwggEKAoIBAQCilN7etqOHwTPLJGVNDVIQwYzP+ETkG6BdnplYzojq\n9i2Aqjlmk72NPBXO7IfITmasqc+xuGNk2mLhnCkqsL7/IyJaVE142zZalwEyG3Ty\nTfRQR7r1Q3Qyp7ojLJ6uqTi1ozyCjvptcJjTX32s9VvQz2i+G0zuBxavFlmiTfkm\nyH3L8KXbNohrOhX0tB4I3WtbrSr8s7ZWNay8hg5yeHiH10CoIikxhECzepI+1ltk\nPJrwmokYxDY+SsAsCL9SCCyjhgaVv0gqjKDOkqu5ObztWoBMpgI2twy1wtwUhn0l\np0JyK9DeDSlVctC5xp7ZzSKlwDPU9VGzz3tgck7uaTWTAgMBAAGjggLoMIIC5DAf\nBgNVHSMEGDAWgBSBuA5jiokSGOX6OztQlZ/m5ZAThTAdBgNVHQ4EFgQUpXStDDfD\nKK/xz3gtdPhPmzHO2T8wIgYDVR0RBBswGYIXcHJvcG9zdGFzLW1pc3Nhby5jb20u\nYnIwEwYDVR0gBAwwCjAIBgZngQwBAgEwDgYDVR0PAQH/BAQDAgWgMBMGA1UdJQQM\nMAoGCCsGAQUFBwMBMDsGA1UdHwQ0MDIwMKAuoCyGKmh0dHA6Ly9jcmwucjJtMDEu\nYW1hem9udHJ1c3QuY29tL3IybTAxLmNybDB1BggrBgEFBQcBAQRpMGcwLQYIKwYB\nBQUHMAGGIWh0dHA6Ly9vY3NwLnIybTAxLmFtYXpvbnRydXN0LmNvbTA2BggrBgEF\nBQcwAoYqaHR0cDovL2NydC5yMm0wMS5hbWF6b250cnVzdC5jb20vcjJtMDEuY2Vy\nMAwGA1UdEwEB/wQCMAAwggGABgorBgEEAdZ5AgQCBIIBcASCAWwBagB3AMIxfldF\nGaNF7n843rKQQevHwiFaIr9/1bWtdprZDlLNAAABnIZVe3cAAAQDAEgwRgIhAIv4\n5VgETZSSVlGmLOTNeiGySQ6gcH0oehkU31bvTYmdAiEA1ikjmW7+XnXco2veSicM\nCNYv5gxVX/gFKT3jLcWcFlMAdwDXbX0Q0af1d8LH6V/XAL/5gskzWmXh0LMBcxfA\nyMVpdwAAAZyGVXtOAAAEAwBIMEYCIQDi5lY0+kcD0MRalyA3GQ15rIBx0mdUE43X\nxDA5U5bGXQIhAOx9JJlYLHTFdXhVb2SkaiqiVZn+xTzq4AAMDbfgTgWXAHYAlE5D\nh/rswe+B8xkkJqgYZQHH0184AgE/cmd9VTcuGdgAAAGchlV7gwAABAMARzBFAiEA\nsmCUMRIpPcIHp6PFp5hhqykg6nN4yMzohk3r25+0BhQCIC7NPy8OEeSZ1H83pXaD\n3AsGAizQM3eVsWBMe7bC23ScMA0GCSqGSIb3DQEBCwUAA4IBAQBo34rd1AyTG0S6\n19q9h08BR2FN3H6+DL4J4y2kI8J6rGPo31vaVTtLImfzlj5q2JpIn4PmBPGMKHVW\nfJDgGkEQfK/Oj3ytZrLwai3OHZNeJSB8OCBdnzHcu3nnjznY2vAT2UN8wMBsF+lx\nU19EqVDeDlCyO/ULLbJ596rbKvE+tD1NpgRMdgIPS6uredUPjJ0H1qIXg0iRwVaT\nm4dK4HkrN37wjN+Uc59veIJMDh39Sbxpp7zfZzW1KoXwniEVXtCl7KR15w9xirz1\nN2NyVQ6uypkYmuMfl/XStatGc3B13vFu+UdnIMBsDWjvy2rATcWrzkpFKK6cuoTz\nYvnz4x+A\n-----END CERTIFICATE-----\n","certificate_chain":"-----BEGIN CERTIFICATE-----\nMIIEXjCCA0agAwIBAgITB3MSOAudZoijOx7Zv5zNpo4ODzANBgkqhkiG9w0BAQsF\nADA5MQswCQYDVQQGEwJVUzEPMA0GA1UEChMGQW1hem9uMRkwFwYDVQQDExBBbWF6\nb24gUm9vdCBDQSAxMB4XDTIyMDgyMzIyMjEyOFoXDTMwMDgyMzIyMjEyOFowPDEL\nMAkGA1UEBhMCVVMxDzANBgNVBAoTBkFtYXpvbjEcMBoGA1UEAxMTQW1hem9uIFJT\nQSAyMDQ4IE0wMTCCASIwDQYJKoZIhvcNAQEBBQADggEPADCCAQoCggEBAOtxLKnL\nH4gokjIwr4pXD3i3NyWVVYesZ1yX0yLI2qIUZ2t88Gfa4gMqs1YSXca1R/lnCKeT\nepWSGA+0+fkQNpp/L4C2T7oTTsddUx7g3ZYzByDTlrwS5HRQQqEFE3O1T5tEJP4t\nf+28IoXsNiEzl3UGzicYgtzj2cWCB41eJgEmJmcf2T8TzzK6a614ZPyq/w4CPAff\nnAV4coz96nW3AyiE2uhuB4zQUIXvgVSycW7sbWLvj5TDXunEpNCRwC4kkZjK7rol\njtT2cbb7W2s4Bkg3R42G3PLqBvt2N32e/0JOTViCk8/iccJ4sXqrS1uUN4iB5Nmv\nJK74csVl+0u0UecCAwEAAaOCAVowggFWMBIGA1UdEwEB/wQIMAYBAf8CAQAwDgYD\nVR0PAQH/BAQDAgGGMB0GA1UdJQQWMBQGCCsGAQUFBwMBBggrBgEFBQcDAjAdBgNV\nHQ4EFgQUgbgOY4qJEhjl+js7UJWf5uWQE4UwHwYDVR0jBBgwFoAUhBjMhTTsvAyU\nlC4IWZzHshBOCggwewYIKwYBBQUHAQEEbzBtMC8GCCsGAQUFBzABhiNodHRwOi8v\nb2NzcC5yb290Y2ExLmFtYXpvbnRydXN0LmNvbTA6BggrBgEFBQcwAoYuaHR0cDov\nL2NydC5yb290Y2ExLmFtYXpvbnRydXN0LmNvbS9yb290Y2ExLmNlcjA/BgNVHR8E\nODA2MDSgMqAwhi5odHRwOi8vY3JsLnJvb3RjYTEuYW1hem9udHJ1c3QuY29tL3Jv\nb3RjYTEuY3JsMBMGA1UdIAQMMAowCAYGZ4EMAQIBMA0GCSqGSIb3DQEBCwUAA4IB\nAQCtAN4CBSMuBjJitGuxlBbkEUDeK/pZwTXv4KqPK0G50fOHOQAd8j21p0cMBgbG\nkfMHVwLU7b0XwZCav0h1ogdPMN1KakK1DT0VwA/+hFvGPJnMV1Kx2G4S1ZaSk0uU\n5QfoiYIIano01J5k4T2HapKQmmOhS/iPtuo00wW+IMLeBuKMn3OLn005hcrOGTad\nhcmeyfhQP7Z+iKHvyoQGi1C0ClymHETx/chhQGDyYSWqB/THwnN15AwLQo0E5V9E\nSJlbe4mBlqeInUsNYugExNf+tOiybcrswBy8OFsd34XOW3rjSUtsuafd9AWySa3h\nxRRrwszrzX/WWGm6wyB+f7C4\n-----END CERTIFICATE-----\n-----BEGIN CERTIFICATE-----\nMIIEkjCCA3qgAwIBAgITBn+USionzfP6wq4rAfkI7rnExjANBgkqhkiG9w0BAQsF\nADCBmDELMAkGA1UEBhMCVVMxEDAOBgNVBAgTB0FyaXpvbmExEzARBgNVBAcTClNj\nb3R0c2RhbGUxJTAjBgNVBAoTHFN0YXJmaWVsZCBUZWNobm9sb2dpZXMsIEluYy4x\nOzA5BgNVBAMTMlN0YXJmaWVsZCBTZXJ2aWNlcyBSb290IENlcnRpZmljYXRlIEF1\ndGhvcml0eSAtIEcyMB4XDTE1MDUyNTEyMDAwMFoXDTM3MTIzMTAxMDAwMFowOTEL\nMAkGA1UEBhMCVVMxDzANBgNVBAoTBkFtYXpvbjEZMBcGA1UEAxMQQW1hem9uIFJv\nb3QgQ0EgMTCCASIwDQYJKoZIhvcNAQEBBQADggEPADCCAQoCggEBALJ4gHHKeNXj\nca9HgFB0fW7Y14h29Jlo91ghYPl0hAEvrAIthtOgQ3pOsqTQNroBvo3bSMgHFzZM\n9O6II8c+6zf1tRn4SWiw3te5djgdYZ6k/oI2peVKVuRF4fn9tBb6dNqcmzU5L/qw\nIFAGbHrQgLKm+a/sRxmPUDgH3KKHOVj4utWp+UhnMJbulHheb4mjUcAwhmahRWa6\nVOujw5H5SNz/0egwLX0tdHA114gk957EWW67c4cX8jJGKLhD+rcdqsq08p8kDi1L\n93FcXmn/6pUCyziKrlA4b9v7LWIbxcceVOF34GfID5yHI9Y/QCB/IIDEgEw+OyQm\njgSubJrIqg0CAwEAAaOCATEwggEtMA8GA1UdEwEB/wQFMAMBAf8wDgYDVR0PAQH/\nBAQDAgGGMB0GA1UdDgQWBBSEGMyFNOy8DJSULghZnMeyEE4KCDAfBgNVHSMEGDAW\ngBScXwDfqgHXMCs4iKK4bUqc8hGRgzB4BggrBgEFBQcBAQRsMGowLgYIKwYBBQUH\nMAGGImh0dHA6Ly9vY3NwLnJvb3RnMi5hbWF6b250cnVzdC5jb20wOAYIKwYBBQUH\nMAKGLGh0dHA6Ly9jcnQucm9vdGcyLmFtYXpvbnRydXN0LmNvbS9yb290ZzIuY2Vy\nMD0GA1UdHwQ2MDQwMqAwoC6GLGh0dHA6Ly9jcmwucm9vdGcyLmFtYXpvbnRydXN0\nLmNvbS9yb290ZzIuY3JsMBEGA1UdIAQKMAgwBgYEVR0gADANBgkqhkiG9w0BAQsF\nAAOCAQEAYjdCXLwQtT6LLOkMm2xF4gcAevnFWAu5CIw+7bMlPLVvUOTNNWqnkzSW\nMiGpSESrnO09tKpzbeR/FoCJbM8oAxiDR3mjEH4wW6w7sGDgd9QIpuEdfF7Au/ma\neyKdpwAJfqxGF4PcnCZXmTA5YpaP7dreqsXMGz7KQ2hsVxa81Q4gLv7/wmpdLqBK\nbRRYh5TmOTFffHPLkIhqhBGWJ6bt2YFGpn6jcgAKUj6DiAdjd4lpFw85hdKrCEVN\n0FE6/V1dN2RMfjCyVSRCnTawXZwXgWHxyvkQAiSr6w10kY17RSlQOYiypok1JR4U\nakcjMS9cmvqtmg5iUaQqqcT5NJ0hGA==\n-----END CERTIFICATE-----\n","domain":"propostas-missao.com.br","id":"arn:aws:acm:us-east-1:348079769568:certificate/0162c6c8-c91f-4a95-9db3-6ff84fdb4307","key_types":null,"most_recent":true,"status":"ISSUED","statuses":["ISSUED"],"tags":{},"types":null},"sensitive_attributes":[]}]},{"mode":"managed","type":"aws_cloudfront_distribution","name":"cdn","provider":"provider[\"registry.opentofu.org/hashicorp/aws\"]","instances":[{"schema_version":1,"attributes":{"aliases":["propostas-missao.com.br"],"arn":"arn:aws:cloudfront::348079769568:distribution/E10FHAU4SVPLYV","caller_reference":"terraform-20260310224909241500000002","comment":null,"continuous_deployment_policy_id":"","custom_error_response":[],"default_cache_behavior":[{"allowed_methods":["GET","HEAD"],"cache_policy_id":"","cached_methods":["GET","HEAD"],"compress":false,"default_ttl":0,"field_level_encryption_id":"","forwarded_values":[{"cookies":[{"forward":"none","whitelisted_names":[]}],"headers":[],"query_string":false,"query_string_cache_keys":[]}],"function_association":[],"grpc_config":[{"enabled":false}],"lambda_function_association":[],"max_ttl":0,"min_ttl":0,"origin_request_policy_id":"","realtime_log_config_arn":"","response_headers_policy_id":"","smooth_streaming":false,"target_origin_id":"s3-origin","trusted_key_groups":[],"trusted_signers":[],"viewer_protocol_policy":"redirect-to-https"}],"default_root_object":"index.html","domain_name":"d187oo5bdjokbi.cloudfront.net","enabled":true,"etag":"E23ZP02F085DFQ","hosted_zone_id":"Z2FDTNDATAQYW2","http_version":"http2","id":"E10FHAU4SVPLYV","in_progress_validation_batches":0,"is_ipv6_enabled":false,"last_modified_time":"2026-03-10 22:49:09.356 +0000 UTC","logging_config":[],"ordered_cache_behavior":[],"origin":[{"connection_attempts":3,"connection_timeout":10,"custom_header":[],"custom_origin_config":[],"domain_name":"partido-missao.s3.us-east-1.amazonaws.com","origin_access_control_id":"E1QM1MNACR0ERP","origin_id":"s3-origin","origin_path":"","origin_shield":[],"s3_origin_config":[],"vpc_origin_config":[]}],"origin_group":[],"price_class":"PriceClass_All","restrictions":[{"geo_restriction":[{"locations":[],"restriction_type":"none"}]}],"retain_on_delete":false,"staging":false,"status":"Deployed","tags":{},"tags_all":{},"trusted_key_groups":[{"enabled":false,"items":[]}],"trusted_signers":[{"enabled":false,"items":[]}],"viewer_certificate":[{"acm_certificate_arn":"arn:aws:acm:us-east-1:348079769568:certificate/0162c6c8-c91f-4a95-9db3-6ff84fdb4307","cloudfront_default_certificate":false,"iam_certificate_id":"","minimum_protocol_version":"TLSv1.2_2021","ssl_support_method":"sni-only"}],"wait_for_deployment":true,"web_acl_id":""},"sensitive_attributes":[],"private":"eyJzY2hlbWFfdmVyc2lvbiI6IjEifQ==","dependencies":["aws_cloudfront_origin_access_control.oac","aws_s3_bucket.website","data.aws_acm_certificate.cert"]}]},{"mode":"managed","type":"aws_cloudfront_origin_access_control","name":"oac","provider":"provider[\"registry.opentofu.org/hashicorp/aws\"]","instances":[{"schema_version":0,"attributes":{"arn":"arn:aws:cloudfront::348079769568:origin-access-control/E1QM1MNACR0ERP","description":"OAC for private S3","etag":"ETVPDKIKX0DER","id":"E1QM1MNACR0ERP","name":"s3-oac","origin_access_control_origin_type":"s3","signing_behavior":"always","signing_protocol":"sigv4"},"sensitive_attributes":[],"private":"bnVsbA=="}]},{"mode":"managed","type":"aws_iam_policy","name":"s3_upload_policy","provider":"provider[\"registry.opentofu.org/hashicorp/aws\"]","instances":[{"schema_version":0,"attributes":{"arn":"arn:aws:iam::348079769568:policy/S3UploadOnlyPolicy","attachment_count":1,"description":"Allow PutObject on specific bucket","id":"arn:aws:iam::348079769568:policy/S3UploadOnlyPolicy","name":"S3UploadOnlyPolicy","name_prefix":"","path":"/","policy":"{\"Statement\":[{\"Action\":[\"s3:PutObject\"],\"Effect\":\"Allow\",\"Resource\":\"arn:aws:s3:::partido-missao/*\"}],\"Version\":\"2012-10-17\"}","policy_id":"ANPAVCCZLY7QDZSS3VSTZ","tags":{},"tags_all":{}},"sensitive_attributes":[],"private":"bnVsbA=="}]},{"mode":"managed","type":"aws_iam_role","name":"s3_upload_role","provider":"provider[\"registry.opentofu.org/hashicorp/aws\"]","instances":[{"schema_version":0,"attributes":{"arn":"arn:aws:iam::348079769568:role/S3UploadTempRole","assume_role_policy":"{\"Statement\":[{\"Action\":\"sts:AssumeRole\",\"Effect\":\"Allow\",\"Principal\":{\"AWS\":\"arn:aws:iam::348079769568:user/missao-deploy-user\"}}],\"Version\":\"2012-10-17\"}","create_date":"2026-03-10T22:49:16Z","description":"","force_detach_policies":false,"id":"S3UploadTempRole","inline_policy":[],"managed_policy_arns":["arn:aws:iam::348079769568:policy/S3UploadOnlyPolicy"],"max_session_duration":3600,"name":"S3UploadTempRole","name_prefix":"","path":"/","permissions_boundary":"","tags":{},"tags_all":{},"unique_id":"AROAVCCZLY7QODJYPKGEK"},"sensitive_attributes":[],"private":"bnVsbA==","dependencies":["aws_iam_user.assumer"]}]},{"mode":"managed","type":"aws_iam_role_policy_attachment","name":"attach_policy","provider":"provider[\"registry.opentofu.org/hashicorp/aws\"]","instances":[{"schema_version":0,"attributes":{"id":"S3UploadTempRole-20260310224917896300000003","policy_arn":"arn:aws:iam::348079769568:policy/S3UploadOnlyPolicy","role":"S3UploadTempRole"},"sensitive_attributes":[],"private":"bnVsbA==","dependencies":["aws_iam_policy.s3_upload_policy","aws_iam_role.s3_upload_role","aws_iam_user.assumer"]}]},{"mode":"managed","type":"aws_iam_user","name":"assumer","provider":"provider[\"registry.opentofu.org/hashicorp/aws\"]","instances":[{"schema_version":0,"attributes":{"arn":"arn:aws:iam::348079769568:user/missao-deploy-user","force_destroy":false,"id":"missao-deploy-user","name":"missao-deploy-user","path":"/","permissions_boundary":"","tags":{},"tags_all":{},"unique_id":"AIDAVCCZLY7QHVSEOC6IN"},"sensitive_attributes":[],"private":"bnVsbA=="}]},{"mode":"managed","type":"aws_iam_user_policy","name":"allow_assume_role","provider":"provider[\"registry.opentofu.org/hashicorp/aws\"]","instances":[{"schema_version":0,"attributes":{"id":"missao-deploy-user:AllowAssumeS3UploadRole","name":"AllowAssumeS3UploadRole","name_prefix":"","policy":"{\"Version\":\"2012-10-17\",\"Statement\":[{\"Action\":\"sts:AssumeRole\",\"Effect\":\"Allow\",\"Resource\":\"arn:aws:iam::348079769568:role/S3UploadTempRole\"}]}","user":"missao-deploy-user"},"sensitive_attributes":[],"private":"bnVsbA==","dependencies":["aws_iam_role.s3_upload_role","aws_iam_user.assumer"]}]},{"mode":"managed","type":"aws_route53_record","name":"cloudfront","provider":"provider[\"registry.opentofu.org/hashicorp/aws\"]","instances":[{"schema_version":2,"attributes":{"alias":[{"evaluate_target_health":false,"name":"d187oo5bdjokbi.cloudfront.net","zone_id":"Z2FDTNDATAQYW2"}],"allow_overwrite":null,"cidr_routing_policy":[],"failover_routing_policy":[],"fqdn":"propostas-missao.com.br","geolocation_routing_policy":[],"geoproximity_routing_policy":[],"health_check_id":"","id":"Z05644971W5OK5N0HO00M_propostas-missao.com.br_A","latency_routing_policy":[],"multivalue_answer_routing_policy":false,"name":"propostas-missao.com.br","records":[],"set_identifier":"","timeouts":null,"ttl":0,"type":"A","weighted_routing_policy":[],"zone_id":"Z05644971W5OK5N0HO00M"},"sensitive_attributes":[],"private":"eyJlMmJmYjczMC1lY2FhLTExZTYtOGY4OC0zNDM2M2JjN2M0YzAiOnsiY3JlYXRlIjoxODAwMDAwMDAwMDAwLCJkZWxldGUiOjE4MDAwMDAwMDAwMDAsInVwZGF0ZSI6MTgwMDAwMDAwMDAwMH0sInNjaGVtYV92ZXJzaW9uIjoiMiJ9","dependencies":["aws_cloudfront_distribution.cdn","aws_cloudfront_origin_access_control.oac","aws_route53_zone.main","aws_s3_bucket.website","data.aws_acm_certificate.cert"]}]},{"mode":"managed","type":"aws_route53_record","name":"cloudfront_www","provider":"provider[\"registry.opentofu.org/hashicorp/aws\"]","instances":[{"schema_version":2,"attributes":{"alias":[],"allow_overwrite":null,"cidr_routing_policy":[],"failover_routing_policy":[],"fqdn":"www.propostas-missao.com.br","geolocation_routing_policy":[],"geoproximity_routing_policy":[],"health_check_id":"","id":"Z05644971W5OK5N0HO00M_www.propostas-missao.com.br_CNAME","latency_routing_policy":[],"multivalue_answer_routing_policy":false,"name":"www.propostas-missao.com.br","records":["d187oo5bdjokbi.cloudfront.net"],"set_identifier":"","timeouts":null,"ttl":300,"type":"CNAME","weighted_routing_policy":[],"zone_id":"Z05644971W5OK5N0HO00M"},"sensitive_attributes":[],"private":"eyJlMmJmYjczMC1lY2FhLTExZTYtOGY4OC0zNDM2M2JjN2M0YzAiOnsiY3JlYXRlIjoxODAwMDAwMDAwMDAwLCJkZWxldGUiOjE4MDAwMDAwMDAwMDAsInVwZGF0ZSI6MTgwMDAwMDAwMDAwMH0sInNjaGVtYV92ZXJzaW9uIjoiMiJ9","dependencies":["aws_cloudfront_distribution.cdn","aws_cloudfront_origin_access_control.oac","aws_route53_zone.main","aws_s3_bucket.website","data.aws_acm_certificate.cert"]}]},{"mode":"managed","type":"aws_route53_zone","name":"main","provider":"provider[\"registry.opentofu.org/hashicorp/aws\"]","instances":[{"schema_version":0,"attributes":{"arn":"arn:aws:route53:::hostedzone/Z05644971W5OK5N0HO00M","comment":"Managed by Terraform","delegation_set_id":"","force_destroy":false,"id":"Z05644971W5OK5N0HO00M","name":"propostas-missao.com.br","name_servers":["ns-1112.awsdns-11.org","ns-1670.awsdns-16.co.uk","ns-305.awsdns-38.com","ns-808.awsdns-37.net"],"primary_name_server":"ns-305.awsdns-38.com","tags":{},"tags_all":{},"timeouts":null,"vpc":[],"zone_id":"Z05644971W5OK5N0HO00M"},"sensitive_attributes":[],"private":"eyJlMmJmYjczMC1lY2FhLTExZTYtOGY4OC0zNDM2M2JjN2M0YzAiOnsiY3JlYXRlIjoxODAwMDAwMDAwMDAwLCJkZWxldGUiOjE4MDAwMDAwMDAwMDAsInVwZGF0ZSI6MTgwMDAwMDAwMDAwMH19"}]},{"mode":"managed","type":"aws_s3_bucket","name":"website","provider":"provider[\"registry.opentofu.org/hashicorp/aws\"]","instances":[{"schema_version":0,"attributes":{"acceleration_status":"","acl":null,"arn":"arn:aws:s3:::partido-missao","bucket":"partido-missao","bucket_domain_name":"partido-missao.s3.amazonaws.com","bucket_prefix":"","bucket_regional_domain_name":"partido-missao.s3.us-east-1.amazonaws.com","cors_rule":[],"force_destroy":true,"grant":[{"id":"5b439f169389dfa36f5815ba1ca74d12dc41fc4605da28f24aa7092aa14c53b2","permissions":["FULL_CONTROL"],"type":"CanonicalUser","uri":""}],"hosted_zone_id":"Z3AQBSTGFYJSTF","id":"partido-missao","lifecycle_rule":[],"logging":[],"object_lock_configuration":[],"object_lock_enabled":false,"policy":"{\"Statement\":[{\"Action\":\"s3:GetObject\",\"Condition\":{\"StringEquals\":{\"AWS:SourceArn\":\"arn:aws:cloudfront::348079769568:distribution/E10FHAU4SVPLYV\"}},\"Effect\":\"Allow\",\"Principal\":{\"Service\":\"cloudfront.amazonaws.com\"},\"Resource\":\"arn:aws:s3:::partido-missao/*\"}],\"Version\":\"2012-10-17\"}","region":"us-east-1","replication_configuration":[],"request_payer":"BucketOwner","server_side_encryption_configuration":[{"rule":[{"apply_server_side_encryption_by_default":[{"kms_master_key_id":"","sse_algorithm":"AES256"}],"bucket_key_enabled":false}]}],"tags":{},"tags_all":{},"timeouts":null,"versioning":[{"enabled":false,"mfa_delete":false}],"website":[],"website_domain":null,"website_endpoint":null},"sensitive_attributes":[],"private":"eyJlMmJmYjczMC1lY2FhLTExZTYtOGY4OC0zNDM2M2JjN2M0YzAiOnsiY3JlYXRlIjoxMjAwMDAwMDAwMDAwLCJkZWxldGUiOjM2MDAwMDAwMDAwMDAsInJlYWQiOjEyMDAwMDAwMDAwMDAsInVwZGF0ZSI6MTIwMDAwMDAwMDAwMH19"}]},{"mode":"managed","type":"aws_s3_bucket_ownership_controls","name":"website_bucket","provider":"provider[\"registry.opentofu.org/hashicorp/aws\"]","instances":[{"schema_version":0,"attributes":{"bucket":"partido-missao","id":"partido-missao","rule":[{"object_ownership":"BucketOwnerPreferred"}]},"sensitive_attributes":[],"private":"bnVsbA==","dependencies":["aws_s3_bucket.website"]}]},{"mode":"managed","type":"aws_s3_bucket_policy","name":"allow_cloudfront","provider":"provider[\"registry.opentofu.org/hashicorp/aws\"]","instances":[{"schema_version":0,"attributes":{"bucket":"partido-missao","id":"partido-missao","policy":"{\"Statement\":[{\"Action\":\"s3:GetObject\",\"Condition\":{\"StringEquals\":{\"AWS:SourceArn\":\"arn:aws:cloudfront::348079769568:distribution/E10FHAU4SVPLYV\"}},\"Effect\":\"Allow\",\"Principal\":{\"Service\":\"cloudfront.amazonaws.com\"},\"Resource\":\"arn:aws:s3:::partido-missao/*\"}],\"Version\":\"2012-10-17\"}"},"sensitive_attributes":[],"private":"bnVsbA==","dependencies":["aws_cloudfront_distribution.cdn","aws_cloudfront_origin_access_control.oac","aws_s3_bucket.website","data.aws_acm_certificate.cert"]}]},{"mode":"managed","type":"aws_s3_bucket_public_access_block","name":"website_bucket","provider":"provider[\"registry.opentofu.org/hashicorp/aws\"]","instances":[{"schema_version":0,"attributes":{"block_public_acls":true,"block_public_policy":true,"bucket":"partido-missao","id":"partido-missao","ignore_public_acls":true,"restrict_public_buckets":true},"sensitive_attributes":[],"private":"bnVsbA==","dependencies":["aws_s3_bucket.website"]}]},{"mode":"managed","type":"aws_s3_object","name":"object","provider":"provider[\"registry.opentofu.org/hashicorp/aws\"]","instances":[{"index_key":"error.html","schema_version":0,"attributes":{"acl":null,"arn":"arn:aws:s3:::partido-missao/error.html","bucket":"partido-missao","bucket_key_enabled":false,"cache_control":"","checksum_algorithm":null,"checksum_crc32":"","checksum_crc32c":"","checksum_crc64nvme":"","checksum_sha1":"","checksum_sha256":"","content":null,"content_base64":null,"content_disposition":"","content_encoding":"","content_language":"","content_type":"text/html","etag":"52a62232a011646fc0965a986720b680","force_destroy":false,"id":"error.html","key":"error.html","kms_key_id":null,"metadata":{},"object_lock_legal_hold_status":"","object_lock_mode":"","object_lock_retain_until_date":"","override_provider":[],"server_side_encryption":"AES256","source":"static-website-files/error.html","source_hash":null,"storage_class":"STANDARD","tags":{},"tags_all":{},"version_id":"","website_redirect":""},"sensitive_attributes":[],"private":"bnVsbA==","dependencies":["aws_s3_bucket.website"]},{"index_key":"index.html","schema_version":0,"attributes":{"acl":null,"arn":"arn:aws:s3:::partido-missao/index.html","bucket":"partido-missao","bucket_key_enabled":false,"cache_control":"","checksum_algorithm":null,"checksum_crc32":"","checksum_crc32c":"","checksum_crc64nvme":"","checksum_sha1":"","checksum_sha256":"","content":null,"content_base64":null,"content_disposition":"","content_encoding":"","content_language":"","content_type":"text/html","etag":"52a62232a011646fc0965a986720b680","force_destroy":false,"id":"index.html","key":"index.html","kms_key_id":null,"metadata":{},"object_lock_legal_hold_status":"","object_lock_mode":"","object_lock_retain_until_date":"","override_provider":[],"server_side_encryption":"AES256","source":"static-website-files/index.html","source_hash":null,"storage_class":"STANDARD","tags":{},"tags_all":{},"version_id":"","website_redirect":""},"sensitive_attributes":[],"private":"bnVsbA==","dependencies":["aws_s3_bucket.website"]},{"index_key":"temas.json","schema_version":0,"attributes":{"acl":null,"arn":"arn:aws:s3:::partido-missao/temas.json","bucket":"partido-missao","bucket_key_enabled":false,"cache_control":"","checksum_algorithm":null,"checksum_crc32":"","checksum_crc32c":"","checksum_crc64nvme":"","checksum_sha1":"","checksum_sha256":"","content":null,"content_base64":null,"content_disposition":"","content_encoding":"","content_language":"","content_type":"application/json","etag":"3618bc5aaa3a373b9d7bd5083d1ff0a1","force_destroy":false,"id":"temas.json","key":"temas.json","kms_key_id":null,"metadata":{},"object_lock_legal_hold_status":"","object_lock_mode":"","object_lock_retain_until_date":"","override_provider":[],"server_side_encryption":"AES256","source":"static-website-files/temas.json","source_hash":null,"storage_class":"STANDARD","tags":{},"tags_all":{},"version_id":"","website_redirect":""},"sensitive_attributes":[],"private":"bnVsbA==","dependencies":["aws_s3_bucket.website"]}]}],"check_results":null}
