{"version":4,"terraform_version":"1.10.6","serial":38,"lineage":"3fba6a84-51bc-dccd-6b44-ae22d099dab6","outputs":{},"resources":[{"mode":"managed","type":"aws_acm_certificate","name":"cert","provider":"provider[\"registry.opentofu.org/hashicorp/aws\"]","instances":[{"schema_version":0,"attributes":{"arn":"arn:aws:acm:us-east-1:348079769568:certificate/abb725d5-d56e-405b-a0d8-322d5b430ac4","certificate_authority_arn":"","certificate_body":null,"certificate_chain":null,"domain_name":"propostas-missao.com.br","domain_validation_options":[{"domain_name":"propostas-missao.com.br","resource_record_name":"_677fe675676b1e281501d4711d5d6e5f.propostas-missao.com.br.","resource_record_type":"CNAME","resource_record_value":"_7300e6d121d48430790b42b5f6ac483c.jkddzztszm.acm-validations.aws."}],"early_renewal_duration":"","id":"arn:aws:acm:us-east-1:348079769568:certificate/abb725d5-d56e-405b-a0d8-322d5b430ac4","key_algorithm":"RSA_2048","not_after":"","not_before":"","options":[{"certificate_transparency_logging_preference":"ENABLED"}],"pending_renewal":false,"private_key":null,"renewal_eligibility":"INELIGIBLE","renewal_summary":[],"status":"PENDING_VALIDATION","subject_alternative_names":["propostas-missao.com.br"],"tags":null,"tags_all":{},"type":"AMAZON_ISSUED","validation_emails":[],"validation_method":"DNS","validation_option":[]},"sensitive_attributes":[[{"type":"get_attr","value":"private_key"}]],"private":"bnVsbA==","create_before_destroy":true},{"deposed":"2e3cc96f","schema_version":0,"attributes":{"arn":"arn:aws:acm:us-east-1:348079769568:certificate/0162c6c8-c91f-4a95-9db3-6ff84fdb4307","certificate_authority_arn":"","certificate_body":null,"certificate_chain":null,"domain_name":"propostas-missao.com.br","domain_validation_options":[{"domain_name":"propostas-missao.com.br","resource_record_name":"_677fe675676b1e281501d4711d5d6e5f.propostas-missao.com.br.","resource_record_type":"CNAME","resource_record_value":"_7300e6d121d48430790b42b5f6ac483c.jkddzztszm.acm-validations.aws."}],"early_renewal_duration":"","id":"arn:aws:acm:us-east-1:348079769568:certificate/0162c6c8-c91f-4a95-9db3-6ff84fdb4307","key_algorithm":"RSA_2048","not_after":"2026-09-07T23:59:59Z","not_before":"2026-02-22T00:00:00Z","options":[{"certificate_transparency_logging_preference":"ENABLED"}],"pending_renewal":false,"private_key":null,"renewal_eligibility":"INELIGIBLE","renewal_summary":[],"status":"ISSUED","subject_alternative_names":["propostas-missao.com.br"],"tags":{},"tags_all":{},"type":"AMAZON_ISSUED","validation_emails":[],"validation_method":"DNS","validation_option":[]},"sensitive_attributes":[[{"type":"get_attr","value":"private_key"}]],"private":"bnVsbA==","create_before_destroy":true}]},{"mode":"managed","type":"aws_cloudfront_origin_access_control","name":"oac","provider":"provider[\"registry.opentofu.org/hashicorp/aws\"]","instances":[{"schema_version":0,"attributes":{"arn":"arn:aws:cloudfront::348079769568:origin-access-control/EA6YIE2X2V0DN","description":"OAC for private S3","etag":"ETVPDKIKX0DER","id":"EA6YIE2X2V0DN","name":"s3-oac","origin_access_control_origin_type":"s3","signing_behavior":"always","signing_protocol":"sigv4"},"sensitive_attributes":[],"private":"bnVsbA=="}]},{"mode":"managed","type":"aws_iam_policy","name":"s3_upload_policy","provider":"provider[\"registry.opentofu.org/hashicorp/aws\"]","instances":[{"schema_version":0,"attributes":{"arn":"arn:aws:iam::348079769568:policy/S3UploadOnlyPolicy","attachment_count":0,"description":"Allow PutObject on specific bucket","id":"arn:aws:iam::348079769568:policy/S3UploadOnlyPolicy","name":"S3UploadOnlyPolicy","name_prefix":"","path":"/","policy":"{\"Statement\":[{\"Action\":[\"s3:PutObject\"],\"Effect\":\"Allow\",\"Resource\":\"arn:aws:s3:::partido-missao/*\"}],\"Version\":\"2012-10-17\"}","policy_id":"ANPAVCCZLY7QPHSG2ZKNJ","tags":{},"tags_all":{}},"sensitive_attributes":[],"private":"bnVsbA=="}]},{"mode":"managed","type":"aws_route53_record","name":"cloudfront_validation","provider":"provider[\"registry.opentofu.org/hashicorp/aws\"]","instances":[{"index_key":"propostas-missao.com.br","schema_version":2,"attributes":{"alias":[],"allow_overwrite":true,"cidr_routing_policy":[],"failover_routing_policy":[],"fqdn":"_677fe675676b1e281501d4711d5d6e5f.propostas-missao.com.br","geolocation_routing_policy":[],"geoproximity_routing_policy":[],"health_check_id":"","id":"Z0461158XW7WC1ICONYW__677fe675676b1e281501d4711d5d6e5f.propostas-missao.com.br._CNAME","latency_routing_policy":[],"multivalue_answer_routing_policy":false,"name":"_677fe675676b1e281501d4711d5d6e5f.propostas-missao.com.br","records":["_7300e6d121d48430790b42b5f6ac483c.jkddzztszm.acm-validations.aws."],"set_identifier":"","timeouts":null,"ttl":60,"type":"CNAME","weighted_routing_policy":[],"zone_id":"Z0461158XW7WC1ICONYW"},"sensitive_attributes":[],"private":"eyJlMmJmYjczMC1lY2FhLTExZTYtOGY4OC0zNDM2M2JjN2M0YzAiOnsiY3JlYXRlIjoxODAwMDAwMDAwMDAwLCJkZWxldGUiOjE4MDAwMDAwMDAwMDAsInVwZGF0ZSI6MTgwMDAwMDAwMDAwMH0sInNjaGVtYV92ZXJzaW9uIjoiMiJ9","dependencies":["aws_acm_certificate.cert","aws_route53_zone.main"]}]},{"mode":"managed","type":"aws_route53_zone","name":"main","provider":"provider[\"registry.opentofu.org/hashicorp/aws\"]","instances":[{"schema_version":0,"attributes":{"arn":"arn:aws:route53:::hostedzone/Z0461158XW7WC1ICONYW","comment":"Managed by Terraform","delegation_set_id":"","force_destroy":false,"id":"Z0461158XW7WC1ICONYW","name":"propostas-missao.com.br","name_servers":["ns-1217.awsdns-24.org","ns-1892.awsdns-44.co.uk","ns-641.awsdns-16.net","ns-79.awsdns-09.com"],"primary_name_server":"ns-79.awsdns-09.com","tags":null,"tags_all":{},"timeouts":null,"vpc":[],"zone_id":"Z0461158XW7WC1ICONYW"},"sensitive_attributes":[],"private":"eyJlMmJmYjczMC1lY2FhLTExZTYtOGY4OC0zNDM2M2JjN2M0YzAiOnsiY3JlYXRlIjoxODAwMDAwMDAwMDAwLCJkZWxldGUiOjE4MDAwMDAwMDAwMDAsInVwZGF0ZSI6MTgwMDAwMDAwMDAwMH19"}]},{"mode":"managed","type":"aws_s3_bucket","name":"website","provider":"provider[\"registry.opentofu.org/hashicorp/aws\"]","instances":[{"schema_version":0,"attributes":{"acceleration_status":"","acl":null,"arn":"arn:aws:s3:::propostas-missao.com.br","bucket":"propostas-missao.com.br","bucket_domain_name":"propostas-missao.com.br.s3.amazonaws.com","bucket_prefix":"","bucket_regional_domain_name":"propostas-missao.com.br.s3.us-east-1.amazonaws.com","cors_rule":[],"force_destroy":false,"grant":[{"id":"5b439f169389dfa36f5815ba1ca74d12dc41fc4605da28f24aa7092aa14c53b2","permissions":["FULL_CONTROL"],"type":"CanonicalUser","uri":""}],"hosted_zone_id":"Z3AQBSTGFYJSTF","id":"propostas-missao.com.br","lifecycle_rule":[],"logging":[],"object_lock_configuration":[],"object_lock_enabled":false,"policy":"","region":"us-east-1","replication_configuration":[],"request_payer":"BucketOwner","server_side_encryption_configuration":[{"rule":[{"apply_server_side_encryption_by_default":[{"kms_master_key_id":"","sse_algorithm":"AES256"}],"bucket_key_enabled":false}]}],"tags":{},"tags_all":{},"timeouts":null,"versioning":[{"enabled":false,"mfa_delete":false}],"website":[],"website_domain":null,"website_endpoint":null},"sensitive_attributes":[],"private":"eyJlMmJmYjczMC1lY2FhLTExZTYtOGY4OC0zNDM2M2JjN2M0YzAiOnsiY3JlYXRlIjoxMjAwMDAwMDAwMDAwLCJkZWxldGUiOjM2MDAwMDAwMDAwMDAsInJlYWQiOjEyMDAwMDAwMDAwMDAsInVwZGF0ZSI6MTIwMDAwMDAwMDAwMH19"}]},{"mode":"managed","type":"aws_s3_bucket_ownership_controls","name":"website_bucket","provider":"provider[\"registry.opentofu.org/hashicorp/aws\"]","instances":[{"schema_version":0,"attributes":{"bucket":"propostas-missao.com.br","id":"propostas-missao.com.br","rule":[{"object_ownership":"BucketOwnerPreferred"}]},"sensitive_attributes":[],"private":"bnVsbA==","dependencies":["aws_s3_bucket.website"]}]},{"mode":"managed","type":"aws_s3_bucket_public_access_block","name":"website_bucket","provider":"provider[\"registry.opentofu.org/hashicorp/aws\"]","instances":[{"schema_version":0,"attributes":{"block_public_acls":true,"block_public_policy":true,"bucket":"propostas-missao.com.br","id":"propostas-missao.com.br","ignore_public_acls":true,"restrict_public_buckets":true},"sensitive_attributes":[],"private":"bnVsbA==","dependencies":["aws_s3_bucket.website"]}]}],"check_results":null}
